// !$*UTF8*$!
{
	archiveVersion = 1;
	classes = {
	};
	objectVersion = 56;
	objects = {

/* Begin PBXBuildFile section */
		8F6CDEDB2B320C29002811CB /* AsyncImageApp.swift in Sources */ = {isa = PBXBuildFile; fileRef = 8F6CDEDA2B320C29002811CB /* AsyncImageApp.swift */; };
		8F6CDEDD2B320C29002811CB /* ContentView.swift in Sources */ = {isa = PBXBuildFile; fileRef = 8F6CDEDC2B320C29002811CB /* ContentView.swift */; };
		8F6CDEDF2B320C2A002811CB /* Assets.xcassets in Resources */ = {isa = PBXBuildFile; fileRef = 8F6CDEDE2B320C2A002811CB /* Assets.xcassets */; };
		8F6CDEE22B320C2A002811CB /* Preview Assets.xcassets in Resources */ = {isa = PBXBuildFile; fileRef = 8F6CDEE12B320C2A002811CB /* Preview Assets.xcassets */; };
		8F6CDEEC2B320C2A002811CB /* AsyncImageTests.swift in Sources */ = {isa = PBXBuildFile; fileRef = 8F6CDEEB2B320C2A002811CB /* AsyncImageTests.swift */; };
		8F6CDEF62B320C2A002811CB /* AsyncImageUITests.swift in Sources */ = {isa = PBXBuildFile; fileRef = 8F6CDEF52B320C2A002811CB /* AsyncImageUITests.swift */; };
		8F6CDEF82B320C2A002811CB /* AsyncImageUITestsLaunchTests.swift in Sources */ = {isa = PBXBuildFile; fileRef = 8F6CDEF72B320C2A002811CB /* AsyncImageUITestsLaunchTests.swift */; };
/* End PBXBuildFile section */

/* Begin PBXContainerItemProxy section */
		8F6CDEE82B320C2A002811CB /* PBXContainerItemProxy */ = {
			isa = PBXContainerItemProxy;
			containerPortal = 8F6CDECF2B320C29002811CB /* Project object */;
			proxyType = 1;
			remoteGlobalIDString = 8F6CDED62B320C29002811CB;
			remoteInfo = AsyncImage;
		};
		8F6CDEF22B320C2A002811CB /* PBXContainerItemProxy */ = {
			isa = PBXContainerItemProxy;
			containerPortal = 8F6CDECF2B320C29002811CB /* Project object */;
			proxyType = 1;
			remoteGlobalIDString = 8F6CDED62B320C29002811CB;
			remoteInfo = AsyncImage;
		};
/* End PBXContainerItemProxy section */

/* Begin PBXFileReference section */
		8F6CDED72B320C29002811CB /* AsyncImage.app */ = {isa = PBXFileReference; explicitFileType = wrapper.application; includeInIndex = 0; path = AsyncImage.app; sourceTree = BUILT_PRODUCTS_DIR; };
		8F6CDEDA2B320C29002811CB /* AsyncImageApp.swift */ = {isa = PBXFileReference; lastKnownFileType = sourcecode.swift; path = AsyncImageApp.swift; sourceTree = "<group>"; };
		8F6CDEDC2B320C29002811CB /* ContentView.swift */ = {isa = PBXFileReference; lastKnownFileType = sourcecode.swift; path = ContentView.swift; sourceTree = "<group>"; };
		8F6CDEDE2B320C2A002811CB /* Assets.xcassets */ = {isa = PBXFileReference; lastKnownFileType = folder.assetcatalog; path = Assets.xcassets; sourceTree = "<group>"; };
		8F6CDEE12B320C2A002811CB /* Preview Assets.xcassets */ = {isa = PBXFileReference; lastKnownFileType = folder.assetcatalog; path = "Preview Assets.xcassets"; sourceTree = "<group>"; };
		8F6CDEE72B320C2A002811CB /* AsyncImageTests.xctest */ = {isa = PBXFileReference; explicitFileType = wrapper.cfbundle; includeInIndex = 0; path = AsyncImageTests.xctest; sourceTree = BUILT_PRODUCTS_DIR; };
		8F6CDEEB2B320C2A002811CB /* AsyncImageTests.swift */ = {isa = PBXFileReference; lastKnownFileType = sourcecode.swift; path = AsyncImageTests.swift; sourceTree = "<group>"; };
		8F6CDEF12B320C2A002811CB /* AsyncImageUITests.xctest */ = {isa = PBXFileReference; explicitFileType = wrapper.cfbundle; includeInIndex = 0; path = AsyncImageUITests.xctest; sourceTree = BUILT_PRODUCTS_DIR; };
		8F6CDEF52B320C2A002811CB /* AsyncImageUITests.swift */ = {isa = PBXFileReference; lastKnownFileType = sourcecode.swift; path = AsyncImageUITests.swift; sourceTree = "<group>"; };
		8F6CDEF72B320C2A002811CB /* AsyncImageUITestsLaunchTests.swift */ = {isa = PBXFileReference; lastKnownFileType = sourcecode.swift; path = AsyncImageUITestsLaunchTests.swift; sourceTree = "<group>"; };
/* End PBXFileReference section */

/* Begin PBXFrameworksBuildPhase section */
		8F6CDED42B320C29002811CB /* Frameworks */ = {
			isa = PBXFrameworksBuildPhase;
			buildActionMask = 2147483647;
			files = (
			);
			runOnlyForDeploymentPostprocessing = 0;
		};
		8F6CDEE42B320C2A002811CB /* Frameworks */ = {
			isa = PBXFrameworksBuildPhase;
			buildActionMask = 2147483647;
			files = (
			);
			runOnlyForDeploymentPostprocessing = 0;
		};
		8F6CDEEE2B320C2A002811CB /* Frameworks */ = {
			isa = PBXFrameworksBuildPhase;
			buildActionMask = 2147483647;
			files = (
			);
			runOnlyForDeploymentPostprocessing = 0;
		};
/* End PBXFrameworksBuildPhase section */

/* Begin PBXGroup section */
		8F6CDECE2B320C29002811CB = {
			isa = PBXGroup;
			children = (
				8F6CDED92B320C29002811CB /* AsyncImage */,
				8F6CDEEA2B320C2A002811CB /* AsyncImageTests */,
				8F6CDEF42B320C2A002811CB /* AsyncImageUITests */,
				8F6CDED82B320C29002811CB /* Products */,
			);
			sourceTree = "<group>";
		};
		8F6CDED82B320C29002811CB /* Products */ = {
			isa = PBXGroup;
			children = (
				8F6CDED72B320C29002811CB /* AsyncImage.app */,
				8F6CDEE72B320C2A002811CB /* AsyncImageTests.xctest */,
				8F6CDEF12B320C2A002811CB /* AsyncImageUITests.xctest */,
			);
			name = Products;
			sourceTree = "<group>";
		};
		8F6CDED92B320C29002811CB /* AsyncImage */ = {
			isa = PBXGroup;
			children = (
				8F6CDEDA2B320C29002811CB /* AsyncImageApp.swift */,
				8F6CDEDC2B320C29002811CB /* ContentView.swift */,
				8F6CDEDE2B320C2A002811CB /* Assets.xcassets */,
				8F6CDEE02B320C2A002811CB /* Preview Content */,
			);
			path = AsyncImage;
			sourceTree = "<group>";
		};
		8F6CDEE02B320C2A002811CB /* Preview Content */ = {
			isa = PBXGroup;
			children = (
				8F6CDEE12B320C2A002811CB /* Preview Assets.xcassets */,
			);
			path = "Preview Content";
			sourceTree = "<group>";
		};
		8F6CDEEA2B320C2A002811CB /* AsyncImageTests */ = {
			isa = PBXGroup;
			children = (
				8F6CDEEB2B320C2A002811CB /* AsyncImageTests.swift */,
			);
			path = AsyncImageTests;
			sourceTree = "<group>";
		};
		8F6CDEF42B320C2A002811CB /* AsyncImageUITests */ = {
			isa = PBXGroup;
			children = (
				8F6CDEF52B320C2A002811CB /* AsyncImageUITests.swift */,
				8F6CDEF72B320C2A002811CB /* AsyncImageUITestsLaunchTests.swift */,
			);
			path = AsyncImageUITests;
			sourceTree = "<group>";
		};
/* End PBXGroup section */

/* Begin PBXNativeTarget section */
		8F6CDED62B320C29002811CB /* AsyncImage */ = {
			isa = PBXNativeTarget;
			buildConfigurationList = 8F6CDEFB2B320C2A002811CB /* Build configuration list for PBXNativeTarget "AsyncImage" */;
			buildPhases = (
				8F6CDED32B320C29002811CB /* Sources */,
				8F6CDED42B320C29002811CB /* Frameworks */,
				8F6CDED52B320C29002811CB /* Resources */,
			);
			buildRules = (
			);
			dependencies = (
			);
			name = AsyncImage;
			productName = AsyncImage;
			productReference = 8F6CDED72B320C29002811CB /* AsyncImage.app */;
			productType = "com.apple.product-type.application";
		};
		8F6CDEE62B320C2A002811CB /* AsyncImageTests */ = {
			isa = PBXNativeTarget;
			buildConfigurationList = 8F6CDEFE2B320C2A002811CB /* Build configuration list for PBXNativeTarget "AsyncImageTests" */;
			buildPhases = (
				8F6CDEE32B320C2A002811CB /* Sources */,
				8F6CDEE42B320C2A002811CB /* Frameworks */,
				8F6CDEE52B320C2A002811CB /* Resources */,
			);
			buildRules = (
			);
			dependencies = (
				8F6CDEE92B320C2A002811CB /* PBXTargetDependency */,
			);
			name = AsyncImageTests;
			productName = AsyncImageTests;
			productReference = 8F6CDEE72B320C2A002811CB /* AsyncImageTests.xctest */;
			productType = "com.apple.product-type.bundle.unit-test";
		};
		8F6CDEF02B320C2A002811CB /* AsyncImageUITests */ = {
			isa = PBXNativeTarget;
			buildConfigurationList = 8F6CDF012B320C2A002811CB /* Build configuration list for PBXNativeTarget "AsyncImageUITests" */;
			buildPhases = (
				8F6CDEED2B320C2A002811CB /* Sources */,
				8F6CDEEE2B320C2A002811CB /* Frameworks */,
				8F6CDEEF2B320C2A002811CB /* Resources */,
			);
			buildRules = (
			);
			dependencies = (
				8F6CDEF32B320C2A002811CB /* PBXTargetDependency */,
			);
			name = AsyncImageUITests;
			productName = AsyncImageUITests;
			productReference = 8F6CDEF12B320C2A002811CB /* AsyncImageUITests.xctest */;
			productType = "com.apple.product-type.bundle.ui-testing";
		};
/* End PBXNativeTarget section */

/* Begin PBXProject section */
		8F6CDECF2B320C29002811CB /* Project object */ = {
			isa = PBXProject;
			attributes = {
				BuildIndependentTargetsInParallel = 1;
				LastSwiftUpdateCheck = 1510;
				LastUpgradeCheck = 1510;
				TargetAttributes = {
					8F6CDED62B320C29002811CB = {
						CreatedOnToolsVersion = 15.1;
					};
					8F6CDEE62B320C2A002811CB = {
						CreatedOnToolsVersion = 15.1;
						TestTargetID = 8F6CDED62B320C29002811CB;
					};
					8F6CDEF02B320C2A002811CB = {
						CreatedOnToolsVersion = 15.1;
						TestTargetID = 8F6CDED62B320C29002811CB;
					};
				};
			};
			buildConfigurationList = 8F6CDED22B320C29002811CB /* Build configuration list for PBXProject "AsyncImage" */;
			compatibilityVersion = "Xcode 14.0";
			developmentRegion = en;
			hasScannedForEncodings = 0;
			knownRegions = (
				en,
				Base,
			);
			mainGroup = 8F6CDECE2B320C29002811CB;
			productRefGroup = 8F6CDED82B320C29002811CB /* Products */;
			projectDirPath = "";
			projectRoot = "";
			targets = (
				8F6CDED62B320C29002811CB /* AsyncImage */,
				8F6CDEE62B320C2A002811CB /* AsyncImageTests */,
				8F6CDEF02B320C2A002811CB /* AsyncImageUITests */,
			);
		};
/* End PBXProject section */

/* Begin PBXResourcesBuildPhase section */
		8F6CDED52B320C29002811CB /* Resources */ = {
			isa = PBXResourcesBuildPhase;
			buildActionMask = 2147483647;
			files = (
				8F6CDEE22B320C2A002811CB /* Preview Assets.xcassets in Resources */,
				8F6CDEDF2B320C2A002811CB /* Assets.xcassets in Resources */,
			);
			runOnlyForDeploymentPostprocessing = 0;
		};
		8F6CDEE52B320C2A002811CB /* Resources */ = {
			isa = PBXResourcesBuildPhase;
			buildActionMask = 2147483647;
			files = (
			);
			runOnlyForDeploymentPostprocessing = 0;
		};
		8F6CDEEF2B320C2A002811CB /* Resources */ = {
			isa = PBXResourcesBuildPhase;
			buildActionMask = 2147483647;
			files = (
			);
			runOnlyForDeploymentPostprocessing = 0;
		};
/* End PBXResourcesBuildPhase section */

/* Begin PBXSourcesBuildPhase section */
		8F6CDED32B320C29002811CB /* Sources */ = {
			isa = PBXSourcesBuildPhase;
			buildActionMask = 2147483647;
			files = (
				8F6CDEDD2B320C29002811CB /* ContentView.swift in Sources */,
				8F6CDEDB2B320C29002811CB /* AsyncImageApp.swift in Sources */,
			);
			runOnlyForDeploymentPostprocessing = 0;
		};
		8F6CDEE32B320C2A002811CB /* Sources */ = {
			isa = PBXSourcesBuildPhase;
			buildActionMask = 2147483647;
			files = (
				8F6CDEEC2B320C2A002811CB /* AsyncImageTests.swift in Sources */,
			);
			runOnlyForDeploymentPostprocessing = 0;
		};
		8F6CDEED2B320C2A002811CB /* Sources */ = {
			isa = PBXSourcesBuildPhase;
			buildActionMask = 2147483647;
			files = (
				8F6CDEF62B320C2A002811CB /* AsyncImageUITests.swift in Sources */,
				8F6CDEF82B320C2A002811CB /* AsyncImageUITestsLaunchTests.swift in Sources */,
			);
			runOnlyForDeploymentPostprocessing = 0;
		};
/* End PBXSourcesBuildPhase section */

/* Begin PBXTargetDependency section */
		8F6CDEE92B320C2A002811CB /* PBXTargetDependency */ = {
			isa = PBXTargetDependency;
			target = 8F6CDED62B320C29002811CB /* AsyncImage */;
			targetProxy = 8F6CDEE82B320C2A002811CB /* PBXContainerItemProxy */;
		};
		8F6CDEF32B320C2A002811CB /* PBXTargetDependency */ = {
			isa = PBXTargetDependency;
			target = 8F6CDED62B320C29002811CB /* AsyncImage */;
			targetProxy = 8F6CDEF22B320C2A002811CB /* PBXContainerItemProxy */;
		};
/* End PBXTargetDependency section */

/* Begin XCBuildConfiguration section */
		8F6CDEF92B320C2A002811CB /* Debug */ = {
			isa = XCBuildConfiguration;
			buildSettings = {
				ALWAYS_SEARCH_USER_PATHS = NO;
				ASSETCATALOG_COMPILER_GENERATE_SWIFT_ASSET_SYMBOL_EXTENSIONS = YES;
				CLANG_ANALYZER_NONNULL = YES;
				CLANG_ANALYZER_NUMBER_OBJECT_CONVERSION = YES_AGGRESSIVE;
				CLANG_CXX_LANGUAGE_STANDARD = "gnu++20";
				CLANG_ENABLE_MODULES = YES;
				CLANG_ENABLE_OBJC_ARC = YES;
				CLANG_ENABLE_OBJC_WEAK = YES;
				CLANG_WARN_BLOCK_CAPTURE_AUTORELEASING = YES;
				CLANG_WARN_BOOL_CONVERSION = YES;
				CLANG_WARN_COMMA = YES;
				CLANG_WARN_CONSTANT_CONVERSION = YES;
				CLANG_WARN_DEPRECATED_OBJC_IMPLEMENTATIONS = YES;
				CLANG_WARN_DIRECT_OBJC_ISA_USAGE = YES_ERROR;
				CLANG_WARN_DOCUMENTATION_COMMENTS = YES;
				CLANG_WARN_EMPTY_BODY = YES;
				CLANG_WARN_ENUM_CONVERSION = YES;
				CLANG_WARN_INFINITE_RECURSION = YES;
				CLANG_WARN_INT_CONVERSION = YES;
				CLANG_WARN_NON_LITERAL_NULL_CONVERSION = YES;
				CLANG_WARN_OBJC_IMPLICIT_RETAIN_SELF = YES;
				CLANG_WARN_OBJC_LITERAL_CONVERSION = YES;
				CLANG_WARN_OBJC_ROOT_CLASS = YES_ERROR;
				CLANG_WARN_QUOTED_INCLUDE_IN_FRAMEWORK_HEADER = YES;
				CLANG_WARN_RANGE_LOOP_ANALYSIS = YES;
				CLANG_WARN_STRICT_PROTOTYPES = YES;
				CLANG_WARN_SUSPICIOUS_MOVE = YES;
				CLANG_WARN_UNGUARDED_AVAILABILITY = YES_AGGRESSIVE;
				CLANG_WARN_UNREACHABLE_CODE = YES;
				CLANG_WARN__DUPLICATE_METHOD_MATCH = YES;
				COPY_PHASE_STRIP = NO;
				DEBUG_INFORMATION_FORMAT = dwarf;
				ENABLE_STRICT_OBJC_MSGSEND = YES;
				ENABLE_TESTABILITY = YES;
				ENABLE_USER_SCRIPT_SANDBOXING = YES;
				GCC_C_LANGUAGE_STANDARD = gnu17;
				GCC_DYNAMIC_NO_PIC = NO;
				GCC_NO_COMMON_BLOCKS = YES;
				GCC_OPTIMIZATION_LEVEL = 0;
				GCC_PREPROCESSOR_DEFINITIONS = (
					"DEBUG=1",
					"$(inherited)",
				);
				GCC_WARN_64_TO_32_BIT_CONVERSION = YES;
				GCC_WARN_ABOUT_RETURN_TYPE = YES_ERROR;
				GCC_WARN_UNDECLARED_SELECTOR = YES;
				GCC_WARN_UNINITIALIZED_AUTOS = YES_AGGRESSIVE;
				GCC_WARN_UNUSED_FUNCTION = YES;
				GCC_WARN_UNUSED_VARIABLE = YES;
				IPHONEOS_DEPLOYMENT_TARGET = 17.2;
				LOCALIZATION_PREFERS_STRING_CATALOGS = YES;
				MTL_ENABLE_DEBUG_INFO = INCLUDE_SOURCE;
				MTL_FAST_MATH = YES;
				ONLY_ACTIVE_ARCH = YES;
				SDKROOT = iphoneos;
				SWIFT_ACTIVE_COMPILATION_CONDITIONS = "DEBUG $(inherited)";
				SWIFT_OPTIMIZATION_LEVEL = "-Onone";
			};
			name = Debug;
		};
		8F6CDEFA2B320C2A002811CB /* Release */ = {
			isa = XCBuildConfiguration;
			buildSettings = {
				ALWAYS_SEARCH_USER_PATHS = NO;
				ASSETCATALOG_COMPILER_GENERATE_SWIFT_ASSET_SYMBOL_EXTENSIONS = YES;
				CLANG_ANALYZER_NONNULL = YES;
				CLANG_ANALYZER_NUMBER_OBJECT_CONVERSION = YES_AGGRESSIVE;
				CLANG_CXX_LANGUAGE_STANDARD = "gnu++20";
				CLANG_ENABLE_MODULES = YES;
				CLANG_ENABLE_OBJC_ARC = YES;
				CLANG_ENABLE_OBJC_WEAK = YES;
				CLANG_WARN_BLOCK_CAPTURE_AUTORELEASING = YES;
				CLANG_WARN_BOOL_CONVERSION = YES;
				CLANG_WARN_COMMA = YES;
				CLANG_WARN_CONSTANT_CONVERSION = YES;
				CLANG_WARN_DEPRECATED_OBJC_IMPLEMENTATIONS = YES;
				CLANG_WARN_DIRECT_OBJC_ISA_USAGE = YES_ERROR;
				CLANG_WARN_DOCUMENTATION_COMMENTS = YES;
				CLANG_WARN_EMPTY_BODY = YES;
				CLANG_WARN_ENUM_CONVERSION = YES;
				CLANG_WARN_INFINITE_RECURSION = YES;
				CLANG_WARN_INT_CONVERSION = YES;
				CLANG_WARN_NON_LITERAL_NULL_CONVERSION = YES;
				CLANG_WARN_OBJC_IMPLICIT_RETAIN_SELF = YES;
				CLANG_WARN_OBJC_LITERAL_CONVERSION = YES;
				CLANG_WARN_OBJC_ROOT_CLASS = YES_ERROR;
				CLANG_WARN_QUOTED_INCLUDE_IN_FRAMEWORK_HEADER = YES;
				CLANG_WARN_RANGE_LOOP_ANALYSIS = YES;
				CLANG_WARN_STRICT_PROTOTYPES = YES;
				CLANG_WARN_SUSPICIOUS_MOVE = YES;
				CLANG_WARN_UNGUARDED_AVAILABILITY = YES_AGGRESSIVE;
				CLANG_WARN_UNREACHABLE_CODE = YES;
				CLANG_WARN__DUPLICATE_METHOD_MATCH = YES;
				COPY_PHASE_STRIP = NO;
				DEBUG_INFORMATION_FORMAT = "dwarf-with-dsym";
				ENABLE_NS_ASSERTIONS = NO;
				ENABLE_STRICT_OBJC_MSGSEND = YES;
				ENABLE_USER_SCRIPT_SANDBOXING = YES;
				GCC_C_LANGUAGE_STANDARD = gnu17;
				GCC_NO_COMMON_BLOCKS = YES;
				GCC_WARN_64_TO_32_BIT_CONVERSION = YES;
				GCC_WARN_ABOUT_RETURN_TYPE = YES_ERROR;
				GCC_WARN_UNDECLARED_SELECTOR = YES;
				GCC_WARN_UNINITIALIZED_AUTOS = YES_AGGRESSIVE;
				GCC_WARN_UNUSED_FUNCTION = YES;
				GCC_WARN_UNUSED_VARIABLE = YES;
				IPHONEOS_DEPLOYMENT_TARGET = 17.2;
				LOCALIZATION_PREFERS_STRING_CATALOGS = YES;
				MTL_ENABLE_DEBUG_INFO = NO;
				MTL_FAST_MATH = YES;
				SDKROOT = iphoneos;
				SWIFT_COMPILATION_MODE = wholemodule;
				VALIDATE_PRODUCT = YES;
			};
			name = Release;
		};
		8F6CDEFC2B320C2A002811CB /* Debug */ = {
			isa = XCBuildConfiguration;
			buildSettings = {
				ASSETCATALOG_COMPILER_APPICON_NAME = AppIcon;
				ASSETCATALOG_COMPILER_GLOBAL_ACCENT_COLOR_NAME = AccentColor;
				CODE_SIGN_STYLE = Automatic;
				CURRENT_PROJECT_VERSION = 1;
				DEVELOPMENT_ASSET_PATHS = "\"AsyncImage/Preview Content\"";
				ENABLE_PREVIEWS = YES;
				GENERATE_INFOPLIST_FILE = YES;
				INFOPLIST_KEY_UIApplicationSceneManifest_Generation = YES;
				INFOPLIST_KEY_UIApplicationSupportsIndirectInputEvents = YES;
				INFOPLIST_KEY_UILaunchScreen_Generation = YES;
				INFOPLIST_KEY_UISupportedInterfaceOrientations_iPad = "UIInterfaceOrientationPortrait UIInterfaceOrientationPortraitUpsideDown UIInterfaceOrientationLandscapeLeft UIInterfaceOrientationLandscapeRight";
				INFOPLIST_KEY_UISupportedInterfaceOrientations_iPhone = "UIInterfaceOrientationPortrait UIInterfaceOrientationLandscapeLeft UIInterfaceOrientationLandscapeRight";
				LD_RUNPATH_SEARCH_PATHS = (
					"$(inherited)",
					"@executable_path/Frameworks",
				);
				MARKETING_VERSION = 1.0;
				PRODUCT_BUNDLE_IDENTIFIER = com.kdu.AsyncImage;
				PRODUCT_NAME = "$(TARGET_NAME)";
				SWIFT_EMIT_LOC_STRINGS = YES;
				SWIFT_VERSION = 5.0;
				TARGETED_DEVICE_FAMILY = "1,2";
			};
			name = Debug;
		};
		8F6CDEFD2B320C2A002811CB /* Release */ = {
			isa = XCBuildConfiguration;
			buildSettings = {
				ASSETCATALOG_COMPILER_APPICON_NAME = AppIcon;
				ASSETCATALOG_COMPILER_GLOBAL_ACCENT_COLOR_NAME = AccentColor;
				CODE_SIGN_STYLE = Automatic;
				CURRENT_PROJECT_VERSION = 1;
				DEVELOPMENT_ASSET_PATHS = "\"AsyncImage/Preview Content\"";
				ENABLE_PREVIEWS = YES;
				GENERATE_INFOPLIST_FILE = YES;
				INFOPLIST_KEY_UIApplicationSceneManifest_Generation = YES;
				INFOPLIST_KEY_UIApplicationSupportsIndirectInputEvents = YES;
				INFOPLIST_KEY_UILaunchScreen_Generation = YES;
				INFOPLIST_KEY_UISupportedInterfaceOrientations_iPad = "UIInterfaceOrientationPortrait UIInterfaceOrientationPortraitUpsideDown UIInterfaceOrientationLandscapeLeft UIInterfaceOrientationLandscapeRight";
				INFOPLIST_KEY_UISupportedInterfaceOrientations_iPhone = "UIInterfaceOrientationPortrait UIInterfaceOrientationLandscapeLeft UIInterfaceOrientationLandscapeRight";
				LD_RUNPATH_SEARCH_PATHS = (
					"$(inherited)",
					"@executable_path/Frameworks",
				);
				MARKETING_VERSION = 1.0;
				PRODUCT_BUNDLE_IDENTIFIER = com.kdu.AsyncImage;
				PRODUCT_NAME = "$(TARGET_NAME)";
				SWIFT_EMIT_LOC_STRINGS = YES;
				SWIFT_VERSION = 5.0;
				TARGETED_DEVICE_FAMILY = "1,2";
			};
			name = Release;
		};
		8F6CDEFF2B320C2A002811CB /* Debug */ = {
			isa = XCBuildConfiguration;
			buildSettings = {
				ALWAYS_EMBED_SWIFT_STANDARD_LIBRARIES = YES;
				BUNDLE_LOADER = "$(TEST_HOST)";
				CODE_SIGN_STYLE = Automatic;
				CURRENT_PROJECT_VERSION = 1;
				GENERATE_INFOPLIST_FILE = YES;
				IPHONEOS_DEPLOYMENT_TARGET = 17.2;
				MARKETING_VERSION = 1.0;
				PRODUCT_BUNDLE_IDENTIFIER = com.kdu.AsyncImageTests;
				PRODUCT_NAME = "$(TARGET_NAME)";
				SWIFT_EMIT_LOC_STRINGS = NO;
				SWIFT_VERSION = 5.0;
				TARGETED_DEVICE_FAMILY = "1,2";
				TEST_HOST = "$(BUILT_PRODUCTS_DIR)/AsyncImage.app/$(BUNDLE_EXECUTABLE_FOLDER_PATH)/AsyncImage";
			};
			name = Debug;
		};
		8F6CDF002B320C2A002811CB /* Release */ = {
			isa = XCBuildConfiguration;
			buildSettings = {
				ALWAYS_EMBED_SWIFT_STANDARD_LIBRARIES = YES;
				BUNDLE_LOADER = "$(TEST_HOST)";
				CODE_SIGN_STYLE = Automatic;
				CURRENT_PROJECT_VERSION = 1;
				GENERATE_INFOPLIST_FILE = YES;
				IPHONEOS_DEPLOYMENT_TARGET = 17.2;
				MARKETING_VERSION = 1.0;
				PRODUCT_BUNDLE_IDENTIFIER = com.kdu.AsyncImageTests;
				PRODUCT_NAME = "$(TARGET_NAME)";
				SWIFT_EMIT_LOC_STRINGS = NO;
				SWIFT_VERSION = 5.0;
				TARGETED_DEVICE_FAMILY = "1,2";
				TEST_HOST = "$(BUILT_PRODUCTS_DIR)/AsyncImage.app/$(BUNDLE_EXECUTABLE_FOLDER_PATH)/AsyncImage";
			};
			name = Release;
		};
		8F6CDF022B320C2A002811CB /* Debug */ = {
			isa = XCBuildConfiguration;
			buildSettings = {
				ALWAYS_EMBED_SWIFT_STANDARD_LIBRARIES = YES;
				CODE_SIGN_STYLE = Automatic;
				CURRENT_PROJECT_VERSION = 1;
				GENERATE_INFOPLIST_FILE = YES;
				MARKETING_VERSION = 1.0;
				PRODUCT_BUNDLE_IDENTIFIER = com.kdu.AsyncImageUITests;
				PRODUCT_NAME = "$(TARGET_NAME)";
				SWIFT_EMIT_LOC_STRINGS = NO;
				SWIFT_VERSION = 5.0;
				TARGETED_DEVICE_FAMILY = "1,2";
				TEST_TARGET_NAME = AsyncImage;
			};
			name = Debug;
		};
		8F6CDF032B320C2A002811CB /* Release */ = {
			isa = XCBuildConfiguration;
			buildSettings = {
				ALWAYS_EMBED_SWIFT_STANDARD_LIBRARIES = YES;
				CODE_SIGN_STYLE = Automatic;
				CURRENT_PROJECT_VERSION = 1;
				GENERATE_INFOPLIST_FILE = YES;
				MARKETING_VERSION = 1.0;
				PRODUCT_BUNDLE_IDENTIFIER = com.kdu.AsyncImageUITests;
				PRODUCT_NAME = "$(TARGET_NAME)";
				SWIFT_EMIT_LOC_STRINGS = NO;
				SWIFT_VERSION = 5.0;
				TARGETED_DEVICE_FAMILY = "1,2";
				TEST_TARGET_NAME = AsyncImage;
			};
			name = Release;
		};
/* End XCBuildConfiguration section */

/* Begin XCConfigurationList section */
		8F6CDED22B320C29002811CB /* Build configuration list for PBXProject "AsyncImage" */ = {
			isa = XCConfigurationList;
			buildConfigurations = (
				8F6CDEF92B320C2A002811CB /* Debug */,
				8F6CDEFA2B320C2A002811CB /* Release */,
			);
			defaultConfigurationIsVisible = 0;
			defaultConfigurationName = Release;
		};
		8F6CDEFB2B320C2A002811CB /* Build configuration list for PBXNativeTarget "AsyncImage" */ = {
			isa = XCConfigurationList;
			buildConfigurations = (
				8F6CDEFC2B320C2A002811CB /* Debug */,
				8F6CDEFD2B320C2A002811CB /* Release */,
			);
			defaultConfigurationIsVisible = 0;
			defaultConfigurationName = Release;
		};
		8F6CDEFE2B320C2A002811CB /* Build configuration list for PBXNativeTarget "AsyncImageTests" */ = {
			isa = XCConfigurationList;
			buildConfigurations = (
				8F6CDEFF2B320C2A002811CB /* Debug */,
				8F6CDF002B320C2A002811CB /* Release */,
			);
			defaultConfigurationIsVisible = 0;
			defaultConfigurationName = Release;
		};
		8F6CDF012B320C2A002811CB /* Build configuration list for PBXNativeTarget "AsyncImageUITests" */ = {
			isa = XCConfigurationList;
			buildConfigurations = (
				8F6CDF022B320C2A002811CB /* Debug */,
				8F6CDF032B320C2A002811CB /* Release */,
			);
			defaultConfigurationIsVisible = 0;
			defaultConfigurationName = Release;
		};
/* End XCConfigurationList section */
	};
	rootObject = 8F6CDECF2B320C29002811CB /* Project object */;
}
